
Microsoft Visual Studio Solution File, Format Version 12.00
# Visual Studio Version 16
VisualStudioVersion = 16.0.31112.23
MinimumVisualStudioVersion = 10.0.40219.1
Project("{FAE04EC0-301F-11D3-BF4B-00C04F79EFBC}") = "InfoTrack.Tools.SEO", "InfoTrack.Tools.SEO\InfoTrack.Tools.SEO.csproj", "{BA106EC4-674A-4A54-B113-ABE26FCDADAB}"
EndProject
Global
	GlobalSection(SolutionConfigurationPlatforms) = preSolution
		Debug|Any CPU = Debug|Any CPU
		Release|Any CPU = Release|Any CPU
	EndGlobalSection
	GlobalSection(ProjectConfigurationPlatforms) = postSolution
		{BA106EC4-674A-4A54-B113-ABE26FCDADAB}.Debug|Any CPU.ActiveCfg = Debug|Any CPU
		{BA106EC4-674A-4A54-B113-ABE26FCDADAB}.Debug|Any CPU.Build.0 = Debug|Any CPU
		{BA106EC4-674A-4A54-B113-ABE26FCDADAB}.Release|Any CPU.ActiveCfg = Release|Any CPU
		{BA106EC4-674A-4A54-B113-ABE26FCDADAB}.Release|Any CPU.Build.0 = Release|Any CPU
	EndGlobalSection
	GlobalSection(SolutionProperties) = preSolution
		HideSolutionNode = FALSE
	EndGlobalSection
	GlobalSection(ExtensibilityGlobals) = postSolution
		SolutionGuid = {1827A505-6085-4361-9624-20FE73FCDE05}
	EndGlobalSection
EndGlobal
